
Microsoft Visual Studio Solution File, Format Version 12.00
# Visual Studio Version 16
VisualStudioVersion = 25.0.1704.4
MinimumVisualStudioVersion = 10.0.40219.1
Project("{FAE04EC0-301F-11D3-BF4B-00C04F79EFBC}") = "Ron SwansonAndKanyeWest", "Ron SwansonAndKanyeWest\Ron SwansonAndKanyeWest.csproj", "{6CE11BCE-57F1-4E36-91E1-5EFC8A597C90}"
EndProject
Global
	GlobalSection(SolutionConfigurationPlatforms) = preSolution
		Debug|Any CPU = Debug|Any CPU
		Release|Any CPU = Release|Any CPU
	EndGlobalSection
	GlobalSection(ProjectConfigurationPlatforms) = postSolution
		{6CE11BCE-57F1-4E36-91E1-5EFC8A597C90}.Debug|Any CPU.ActiveCfg = Debug|Any CPU
		{6CE11BCE-57F1-4E36-91E1-5EFC8A597C90}.Debug|Any CPU.Build.0 = Debug|Any CPU
		{6CE11BCE-57F1-4E36-91E1-5EFC8A597C90}.Release|Any CPU.ActiveCfg = Release|Any CPU
		{6CE11BCE-57F1-4E36-91E1-5EFC8A597C90}.Release|Any CPU.Build.0 = Release|Any CPU
	EndGlobalSection
	GlobalSection(SolutionProperties) = preSolution
		HideSolutionNode = FALSE
	EndGlobalSection
	GlobalSection(ExtensibilityGlobals) = postSolution
		SolutionGuid = {C65A8E41-45D1-496F-8780-EBA7E85A7E90}
	EndGlobalSection
EndGlobal
